// !$*UTF8*$!
{
	archiveVersion = 1;
	classes = {
	};
	objectVersion = 46;
	objects = {

/* Begin PBXBuildFile section */
		B6664F8C1B8D626300B1197D /* ViewController.swift in Sources */ = {isa = PBXBuildFile; fileRef = B6664F8B1B8D626300B1197D /* ViewController.swift */; };
		B6664F8F1B8D626300B1197D /* Main.storyboard in Resources */ = {isa = PBXBuildFile; fileRef = B6664F8D1B8D626300B1197D /* Main.storyboard */; };
		B6664F911B8D626300B1197D /* Images.xcassets in Resources */ = {isa = PBXBuildFile; fileRef = B6664F901B8D626300B1197D /* Images.xcassets */; };
		B6664F941B8D626300B1197D /* LaunchScreen.xib in Resources */ = {isa = PBXBuildFile; fileRef = B6664F921B8D626300B1197D /* LaunchScreen.xib */; };
		B6664FA01B8D626300B1197D /* WDWebViewBridgeTests.swift in Sources */ = {isa = PBXBuildFile; fileRef = B6664F9F1B8D626300B1197D /* WDWebViewBridgeTests.swift */; };
		B6664FAA1B8D62B100B1197D /* AppDelegate.swift in Sources */ = {isa = PBXBuildFile; fileRef = B6664FA91B8D62B100B1197D /* AppDelegate.swift */; };
		B6664FAE1B8D66F100B1197D /* WDWebViewBridge.swift in Sources */ = {isa = PBXBuildFile; fileRef = B6664FAD1B8D66F100B1197D /* WDWebViewBridge.swift */; };
		B6664FB01B8D675300B1197D /* WDWebViewBridge.js in Resources */ = {isa = PBXBuildFile; fileRef = B6664FAF1B8D675300B1197D /* WDWebViewBridge.js */; };
		B6664FB21B8D679400B1197D /* WDMessage.swift in Sources */ = {isa = PBXBuildFile; fileRef = B6664FB11B8D679400B1197D /* WDMessage.swift */; };
		B6664FBA1B8DA3F200B1197D /* Example.html in Resources */ = {isa = PBXBuildFile; fileRef = B6664FB91B8DA3F200B1197D /* Example.html */; };
/* End PBXBuildFile section */

/* Begin PBXContainerItemProxy section */
		B6664F9A1B8D626300B1197D /* PBXContainerItemProxy */ = {
			isa = PBXContainerItemProxy;
			containerPortal = B6664F7C1B8D626300B1197D /* Project object */;
			proxyType = 1;
			remoteGlobalIDString = B6664F831B8D626300B1197D;
			remoteInfo = WDWebViewBridge;
		};
/* End PBXContainerItemProxy section */

/* Begin PBXFileReference section */
		B6664F841B8D626300B1197D /* WDWebViewBridge.app */ = {isa = PBXFileReference; explicitFileType = wrapper.application; includeInIndex = 0; path = WDWebViewBridge.app; sourceTree = BUILT_PRODUCTS_DIR; };
		B6664F881B8D626300B1197D /* Info.plist */ = {isa = PBXFileReference; lastKnownFileType = text.plist.xml; path = Info.plist; sourceTree = "<group>"; };
		B6664F8B1B8D626300B1197D /* ViewController.swift */ = {isa = PBXFileReference; lastKnownFileType = sourcecode.swift; path = ViewController.swift; sourceTree = "<group>"; };
		B6664F8E1B8D626300B1197D /* Base */ = {isa = PBXFileReference; lastKnownFileType = file.storyboard; name = Base; path = Base.lproj/Main.storyboard; sourceTree = "<group>"; };
		B6664F901B8D626300B1197D /* Images.xcassets */ = {isa = PBXFileReference; lastKnownFileType = folder.assetcatalog; path = Images.xcassets; sourceTree = "<group>"; };
		B6664F931B8D626300B1197D /* Base */ = {isa = PBXFileReference; lastKnownFileType = file.xib; name = Base; path = Base.lproj/LaunchScreen.xib; sourceTree = "<group>"; };
		B6664F991B8D626300B1197D /* WDWebViewBridgeTests.xctest */ = {isa = PBXFileReference; explicitFileType = wrapper.cfbundle; includeInIndex = 0; path = WDWebViewBridgeTests.xctest; sourceTree = BUILT_PRODUCTS_DIR; };
		B6664F9E1B8D626300B1197D /* Info.plist */ = {isa = PBXFileReference; lastKnownFileType = text.plist.xml; path = Info.plist; sourceTree = "<group>"; };
		B6664F9F1B8D626300B1197D /* WDWebViewBridgeTests.swift */ = {isa = PBXFileReference; lastKnownFileType = sourcecode.swift; path = WDWebViewBridgeTests.swift; sourceTree = "<group>"; };
		B6664FA91B8D62B100B1197D /* AppDelegate.swift */ = {isa = PBXFileReference; fileEncoding = 4; lastKnownFileType = sourcecode.swift; path = AppDelegate.swift; sourceTree = "<group>"; };
		B6664FAD1B8D66F100B1197D /* WDWebViewBridge.swift */ = {isa = PBXFileReference; fileEncoding = 4; lastKnownFileType = sourcecode.swift; path = WDWebViewBridge.swift; sourceTree = "<group>"; };
		B6664FAF1B8D675300B1197D /* WDWebViewBridge.js */ = {isa = PBXFileReference; fileEncoding = 4; lastKnownFileType = sourcecode.javascript; path = WDWebViewBridge.js; sourceTree = "<group>"; };
		B6664FB11B8D679400B1197D /* WDMessage.swift */ = {isa = PBXFileReference; fileEncoding = 4; lastKnownFileType = sourcecode.swift; path = WDMessage.swift; sourceTree = "<group>"; };
		B6664FB91B8DA3F200B1197D /* Example.html */ = {isa = PBXFileReference; fileEncoding = 4; lastKnownFileType = text.html; path = Example.html; sourceTree = "<group>"; };
/* End PBXFileReference section */

/* Begin PBXFrameworksBuildPhase section */
		B6664F811B8D626300B1197D /* Frameworks */ = {
			isa = PBXFrameworksBuildPhase;
			buildActionMask = 2147483647;
			files = (
			);
			runOnlyForDeploymentPostprocessing = 0;
		};
		B6664F961B8D626300B1197D /* Frameworks */ = {
			isa = PBXFrameworksBuildPhase;
			buildActionMask = 2147483647;
			files = (
			);
			runOnlyForDeploymentPostprocessing = 0;
		};
/* End PBXFrameworksBuildPhase section */

/* Begin PBXGroup section */
		B6664F7B1B8D626300B1197D = {
			isa = PBXGroup;
			children = (
				B6664F861B8D626300B1197D /* WDWebViewBridge */,
				B6664F9C1B8D626300B1197D /* WDWebViewBridgeTests */,
				B6664F851B8D626300B1197D /* Products */,
			);
			sourceTree = "<group>";
		};
		B6664F851B8D626300B1197D /* Products */ = {
			isa = PBXGroup;
			children = (
				B6664F841B8D626300B1197D /* WDWebViewBridge.app */,
				B6664F991B8D626300B1197D /* WDWebViewBridgeTests.xctest */,
			);
			name = Products;
			sourceTree = "<group>";
		};
		B6664F861B8D626300B1197D /* WDWebViewBridge */ = {
			isa = PBXGroup;
			children = (
				B6664FAC1B8D632500B1197D /* WDWebViewBridge */,
				B6664FA91B8D62B100B1197D /* AppDelegate.swift */,
				B6664F8B1B8D626300B1197D /* ViewController.swift */,
				B6664FB91B8DA3F200B1197D /* Example.html */,
				B6664F8D1B8D626300B1197D /* Main.storyboard */,
				B6664F901B8D626300B1197D /* Images.xcassets */,
				B6664F921B8D626300B1197D /* LaunchScreen.xib */,
				B6664F871B8D626300B1197D /* Supporting Files */,
			);
			path = WDWebViewBridge;
			sourceTree = "<group>";
		};
		B6664F871B8D626300B1197D /* Supporting Files */ = {
			isa = PBXGroup;
			children = (
				B6664F881B8D626300B1197D /* Info.plist */,
			);
			name = "Supporting Files";
			sourceTree = "<group>";
		};
		B6664F9C1B8D626300B1197D /* WDWebViewBridgeTests */ = {
			isa = PBXGroup;
			children = (
				B6664F9F1B8D626300B1197D /* WDWebViewBridgeTests.swift */,
				B6664F9D1B8D626300B1197D /* Supporting Files */,
			);
			path = WDWebViewBridgeTests;
			sourceTree = "<group>";
		};
		B6664F9D1B8D626300B1197D /* Supporting Files */ = {
			isa = PBXGroup;
			children = (
				B6664F9E1B8D626300B1197D /* Info.plist */,
			);
			name = "Supporting Files";
			sourceTree = "<group>";
		};
		B6664FAC1B8D632500B1197D /* WDWebViewBridge */ = {
			isa = PBXGroup;
			children = (
				B6664FAF1B8D675300B1197D /* WDWebViewBridge.js */,
				B6664FAD1B8D66F100B1197D /* WDWebViewBridge.swift */,
				B6664FB11B8D679400B1197D /* WDMessage.swift */,
			);
			path = WDWebViewBridge;
			sourceTree = "<group>";
		};
/* End PBXGroup section */

/* Begin PBXNativeTarget section */
		B6664F831B8D626300B1197D /* WDWebViewBridge */ = {
			isa = PBXNativeTarget;
			buildConfigurationList = B6664FA31B8D626300B1197D /* Build configuration list for PBXNativeTarget "WDWebViewBridge" */;
			buildPhases = (
				B6664F801B8D626300B1197D /* Sources */,
				B6664F811B8D626300B1197D /* Frameworks */,
				B6664F821B8D626300B1197D /* Resources */,
			);
			buildRules = (
			);
			dependencies = (
			);
			name = WDWebViewBridge;
			productName = WDWebViewBridge;
			productReference = B6664F841B8D626300B1197D /* WDWebViewBridge.app */;
			productType = "com.apple.product-type.application";
		};
		B6664F981B8D626300B1197D /* WDWebViewBridgeTests */ = {
			isa = PBXNativeTarget;
			buildConfigurationList = B6664FA61B8D626300B1197D /* Build configuration list for PBXNativeTarget "WDWebViewBridgeTests" */;
			buildPhases = (
				B6664F951B8D626300B1197D /* Sources */,
				B6664F961B8D626300B1197D /* Frameworks */,
				B6664F971B8D626300B1197D /* Resources */,
			);
			buildRules = (
			);
			dependencies = (
				B6664F9B1B8D626300B1197D /* PBXTargetDependency */,
			);
			name = WDWebViewBridgeTests;
			productName = WDWebViewBridgeTests;
			productReference = B6664F991B8D626300B1197D /* WDWebViewBridgeTests.xctest */;
			productType = "com.apple.product-type.bundle.unit-test";
		};
/* End PBXNativeTarget section */

/* Begin PBXProject section */
		B6664F7C1B8D626300B1197D /* Project object */ = {
			isa = PBXProject;
			attributes = {
				LastUpgradeCheck = 0640;
				ORGANIZATIONNAME = "何伟东";
				TargetAttributes = {
					B6664F831B8D626300B1197D = {
						CreatedOnToolsVersion = 6.4;
					};
					B6664F981B8D626300B1197D = {
						CreatedOnToolsVersion = 6.4;
						TestTargetID = B6664F831B8D626300B1197D;
					};
				};
			};
			buildConfigurationList = B6664F7F1B8D626300B1197D /* Build configuration list for PBXProject "WDWebViewBridge" */;
			compatibilityVersion = "Xcode 3.2";
			developmentRegion = English;
			hasScannedForEncodings = 0;
			knownRegions = (
				en,
				Base,
			);
			mainGroup = B6664F7B1B8D626300B1197D;
			productRefGroup = B6664F851B8D626300B1197D /* Products */;
			projectDirPath = "";
			projectRoot = "";
			targets = (
				B6664F831B8D626300B1197D /* WDWebViewBridge */,
				B6664F981B8D626300B1197D /* WDWebViewBridgeTests */,
			);
		};
/* End PBXProject section */

/* Begin PBXResourcesBuildPhase section */
		B6664F821B8D626300B1197D /* Resources */ = {
			isa = PBXResourcesBuildPhase;
			buildActionMask = 2147483647;
			files = (
				B6664F8F1B8D626300B1197D /* Main.storyboard in Resources */,
				B6664F941B8D626300B1197D /* LaunchScreen.xib in Resources */,
				B6664FB01B8D675300B1197D /* WDWebViewBridge.js in Resources */,
				B6664F911B8D626300B1197D /* Images.xcassets in Resources */,
				B6664FBA1B8DA3F200B1197D /* Example.html in Resources */,
			);
			runOnlyForDeploymentPostprocessing = 0;
		};
		B6664F971B8D626300B1197D /* Resources */ = {
			isa = PBXResourcesBuildPhase;
			buildActionMask = 2147483647;
			files = (
			);
			runOnlyForDeploymentPostprocessing = 0;
		};
/* End PBXResourcesBuildPhase section */

/* Begin PBXSourcesBuildPhase section */
		B6664F801B8D626300B1197D /* Sources */ = {
			isa = PBXSourcesBuildPhase;
			buildActionMask = 2147483647;
			files = (
				B6664FAE1B8D66F100B1197D /* WDWebViewBridge.swift in Sources */,
				B6664FAA1B8D62B100B1197D /* AppDelegate.swift in Sources */,
				B6664FB21B8D679400B1197D /* WDMessage.swift in Sources */,
				B6664F8C1B8D626300B1197D /* ViewController.swift in Sources */,
			);
			runOnlyForDeploymentPostprocessing = 0;
		};
		B6664F951B8D626300B1197D /* Sources */ = {
			isa = PBXSourcesBuildPhase;
			buildActionMask = 2147483647;
			files = (
				B6664FA01B8D626300B1197D /* WDWebViewBridgeTests.swift in Sources */,
			);
			runOnlyForDeploymentPostprocessing = 0;
		};
/* End PBXSourcesBuildPhase section */

/* Begin PBXTargetDependency section */
		B6664F9B1B8D626300B1197D /* PBXTargetDependency */ = {
			isa = PBXTargetDependency;
			target = B6664F831B8D626300B1197D /* WDWebViewBridge */;
			targetProxy = B6664F9A1B8D626300B1197D /* PBXContainerItemProxy */;
		};
/* End PBXTargetDependency section */

/* Begin PBXVariantGroup section */
		B6664F8D1B8D626300B1197D /* Main.storyboard */ = {
			isa = PBXVariantGroup;
			children = (
				B6664F8E1B8D626300B1197D /* Base */,
			);
			name = Main.storyboard;
			sourceTree = "<group>";
		};
		B6664F921B8D626300B1197D /* LaunchScreen.xib */ = {
			isa = PBXVariantGroup;
			children = (
				B6664F931B8D626300B1197D /* Base */,
			);
			name = LaunchScreen.xib;
			sourceTree = "<group>";
		};
/* End PBXVariantGroup section */

/* Begin XCBuildConfiguration section */
		B6664FA11B8D626300B1197D /* Debug */ = {
			isa = XCBuildConfiguration;
			buildSettings = {
				ALWAYS_SEARCH_USER_PATHS = NO;
				CLANG_CXX_LANGUAGE_STANDARD = "gnu++0x";
				CLANG_CXX_LIBRARY = "libc++";
				CLANG_ENABLE_MODULES = YES;
				CLANG_ENABLE_OBJC_ARC = YES;
				CLANG_WARN_BOOL_CONVERSION = YES;
				CLANG_WARN_CONSTANT_CONVERSION = YES;
				CLANG_WARN_DIRECT_OBJC_ISA_USAGE = YES_ERROR;
				CLANG_WARN_EMPTY_BODY = YES;
				CLANG_WARN_ENUM_CONVERSION = YES;
				CLANG_WARN_INT_CONVERSION = YES;
				CLANG_WARN_OBJC_ROOT_CLASS = YES_ERROR;
				CLANG_WARN_UNREACHABLE_CODE = YES;
				CLANG_WARN__DUPLICATE_METHOD_MATCH = YES;
				"CODE_SIGN_IDENTITY[sdk=iphoneos*]" = "iPhone Developer";
				COPY_PHASE_STRIP = NO;
				DEBUG_INFORMATION_FORMAT = "dwarf-with-dsym";
				ENABLE_STRICT_OBJC_MSGSEND = YES;
				GCC_C_LANGUAGE_STANDARD = gnu99;
				GCC_DYNAMIC_NO_PIC = NO;
				GCC_NO_COMMON_BLOCKS = YES;
				GCC_OPTIMIZATION_LEVEL = 0;
				GCC_PREPROCESSOR_DEFINITIONS = (
					"DEBUG=1",
					"$(inherited)",
				);
				GCC_SYMBOLS_PRIVATE_EXTERN = NO;
				GCC_WARN_64_TO_32_BIT_CONVERSION = YES;
				GCC_WARN_ABOUT_RETURN_TYPE = YES_ERROR;
				GCC_WARN_UNDECLARED_SELECTOR = YES;
				GCC_WARN_UNINITIALIZED_AUTOS = YES_AGGRESSIVE;
				GCC_WARN_UNUSED_FUNCTION = YES;
				GCC_WARN_UNUSED_VARIABLE = YES;
				IPHONEOS_DEPLOYMENT_TARGET = 8.4;
				MTL_ENABLE_DEBUG_INFO = YES;
				ONLY_ACTIVE_ARCH = YES;
				SDKROOT = iphoneos;
				SWIFT_OPTIMIZATION_LEVEL = "-Onone";
			};
			name = Debug;
		};
		B6664FA21B8D626300B1197D /* Release */ = {
			isa = XCBuildConfiguration;
			buildSettings = {
				ALWAYS_SEARCH_USER_PATHS = NO;
				CLANG_CXX_LANGUAGE_STANDARD = "gnu++0x";
				CLANG_CXX_LIBRARY = "libc++";
				CLANG_ENABLE_MODULES = YES;
				CLANG_ENABLE_OBJC_ARC = YES;
				CLANG_WARN_BOOL_CONVERSION = YES;
				CLANG_WARN_CONSTANT_CONVERSION = YES;
				CLANG_WARN_DIRECT_OBJC_ISA_USAGE = YES_ERROR;
				CLANG_WARN_EMPTY_BODY = YES;
				CLANG_WARN_ENUM_CONVERSION = YES;
				CLANG_WARN_INT_CONVERSION = YES;
				CLANG_WARN_OBJC_ROOT_CLASS = YES_ERROR;
				CLANG_WARN_UNREACHABLE_CODE = YES;
				CLANG_WARN__DUPLICATE_METHOD_MATCH = YES;
				"CODE_SIGN_IDENTITY[sdk=iphoneos*]" = "iPhone Developer";
				COPY_PHASE_STRIP = NO;
				DEBUG_INFORMATION_FORMAT = "dwarf-with-dsym";
				ENABLE_NS_ASSERTIONS = NO;
				ENABLE_STRICT_OBJC_MSGSEND = YES;
				GCC_C_LANGUAGE_STANDARD = gnu99;
				GCC_NO_COMMON_BLOCKS = YES;
				GCC_WARN_64_TO_32_BIT_CONVERSION = YES;
				GCC_WARN_ABOUT_RETURN_TYPE = YES_ERROR;
				GCC_WARN_UNDECLARED_SELECTOR = YES;
				GCC_WARN_UNINITIALIZED_AUTOS = YES_AGGRESSIVE;
				GCC_WARN_UNUSED_FUNCTION = YES;
				GCC_WARN_UNUSED_VARIABLE = YES;
				IPHONEOS_DEPLOYMENT_TARGET = 8.4;
				MTL_ENABLE_DEBUG_INFO = NO;
				SDKROOT = iphoneos;
				VALIDATE_PRODUCT = YES;
			};
			name = Release;
		};
		B6664FA41B8D626300B1197D /* Debug */ = {
			isa = XCBuildConfiguration;
			buildSettings = {
				ASSETCATALOG_COMPILER_APPICON_NAME = AppIcon;
				INFOPLIST_FILE = WDWebViewBridge/Info.plist;
				LD_RUNPATH_SEARCH_PATHS = "$(inherited) @executable_path/Frameworks";
				PRODUCT_NAME = "$(TARGET_NAME)";
			};
			name = Debug;
		};
		B6664FA51B8D626300B1197D /* Release */ = {
			isa = XCBuildConfiguration;
			buildSettings = {
				ASSETCATALOG_COMPILER_APPICON_NAME = AppIcon;
				INFOPLIST_FILE = WDWebViewBridge/Info.plist;
				LD_RUNPATH_SEARCH_PATHS = "$(inherited) @executable_path/Frameworks";
				PRODUCT_NAME = "$(TARGET_NAME)";
			};
			name = Release;
		};
		B6664FA71B8D626300B1197D /* Debug */ = {
			isa = XCBuildConfiguration;
			buildSettings = {
				BUNDLE_LOADER = "$(TEST_HOST)";
				FRAMEWORK_SEARCH_PATHS = (
					"$(SDKROOT)/Developer/Library/Frameworks",
					"$(inherited)",
				);
				GCC_PREPROCESSOR_DEFINITIONS = (
					"DEBUG=1",
					"$(inherited)",
				);
				INFOPLIST_FILE = WDWebViewBridgeTests/Info.plist;
				LD_RUNPATH_SEARCH_PATHS = "$(inherited) @executable_path/Frameworks @loader_path/Frameworks";
				PRODUCT_NAME = "$(TARGET_NAME)";
				TEST_HOST = "$(BUILT_PRODUCTS_DIR)/WDWebViewBridge.app/WDWebViewBridge";
			};
			name = Debug;
		};
		B6664FA81B8D626300B1197D /* Release */ = {
			isa = XCBuildConfiguration;
			buildSettings = {
				BUNDLE_LOADER = "$(TEST_HOST)";
				FRAMEWORK_SEARCH_PATHS = (
					"$(SDKROOT)/Developer/Library/Frameworks",
					"$(inherited)",
				);
				INFOPLIST_FILE = WDWebViewBridgeTests/Info.plist;
				LD_RUNPATH_SEARCH_PATHS = "$(inherited) @executable_path/Frameworks @loader_path/Frameworks";
				PRODUCT_NAME = "$(TARGET_NAME)";
				TEST_HOST = "$(BUILT_PRODUCTS_DIR)/WDWebViewBridge.app/WDWebViewBridge";
			};
			name = Release;
		};
/* End XCBuildConfiguration section */

/* Begin XCConfigurationList section */
		B6664F7F1B8D626300B1197D /* Build configuration list for PBXProject "WDWebViewBridge" */ = {
			isa = XCConfigurationList;
			buildConfigurations = (
				B6664FA11B8D626300B1197D /* Debug */,
				B6664FA21B8D626300B1197D /* Release */,
			);
			defaultConfigurationIsVisible = 0;
			defaultConfigurationName = Release;
		};
		B6664FA31B8D626300B1197D /* Build configuration list for PBXNativeTarget "WDWebViewBridge" */ = {
			isa = XCConfigurationList;
			buildConfigurations = (
				B6664FA41B8D626300B1197D /* Debug */,
				B6664FA51B8D626300B1197D /* Release */,
			);
			defaultConfigurationIsVisible = 0;
		};
		B6664FA61B8D626300B1197D /* Build configuration list for PBXNativeTarget "WDWebViewBridgeTests" */ = {
			isa = XCConfigurationList;
			buildConfigurations = (
				B6664FA71B8D626300B1197D /* Debug */,
				B6664FA81B8D626300B1197D /* Release */,
			);
			defaultConfigurationIsVisible = 0;
		};
/* End XCConfigurationList section */
	};
	rootObject = B6664F7C1B8D626300B1197D /* Project object */;
}
